
Microsoft Visual Studio Solution File, Format Version 12.00
# Visual Studio 14
VisualStudioVersion = 14.0.25420.1
MinimumVisualStudioVersion = 10.0.40219.1
Project("{2150E333-8FDC-42A3-9474-1A3956D46DE8}") = "src", "src", "{B6D362B4-A378-4848-ABB8-55D57FDE5F21}"
EndProject
Project("{2150E333-8FDC-42A3-9474-1A3956D46DE8}") = "Solution Items", "Solution Items", "{F05D956E-052A-4B99-81F4-EA9DC5A23C52}"
	ProjectSection(SolutionItems) = preProject
		.gitignore = .gitignore
		global.json = global.json
		LICENSE = LICENSE
		README.md = README.md
		Settings.StyleCop = Settings.StyleCop
		VueJsAspNetCoreSample.sln.DotSettings = VueJsAspNetCoreSample.sln.DotSettings
	EndProjectSection
EndProject
Project("{8BB2217D-0F2D-49D1-97BC-3654ED321F3B}") = "VueJsAspNetCoreSample", "src\VueJsAspNetCoreSample\VueJsAspNetCoreSample.xproj", "{C61EDD7C-9A45-4CB9-BA0F-FC3591F23F66}"
EndProject
Project("{8BB2217D-0F2D-49D1-97BC-3654ED321F3B}") = "VueJsTypeScriptAspNetCoreSample", "src\VueJsTypeScriptAspNetCoreSample\VueJsTypeScriptAspNetCoreSample.xproj", "{65E50066-C436-43F0-98D1-B80F24C0CB73}"
EndProject
Project("{8BB2217D-0F2D-49D1-97BC-3654ED321F3B}") = "VueJsTsWebcamAspNetCoreSample", "src\VueJsTsWebcamAspNetCoreSample\VueJsTsWebcamAspNetCoreSample.xproj", "{6E86BF6C-54A7-4C02-84F0-5E5C1CCD1FAE}"
EndProject
Global
	GlobalSection(SolutionConfigurationPlatforms) = preSolution
		Debug|Any CPU = Debug|Any CPU
		Release|Any CPU = Release|Any CPU
	EndGlobalSection
	GlobalSection(ProjectConfigurationPlatforms) = postSolution
		{C61EDD7C-9A45-4CB9-BA0F-FC3591F23F66}.Debug|Any CPU.ActiveCfg = Debug|Any CPU
		{C61EDD7C-9A45-4CB9-BA0F-FC3591F23F66}.Debug|Any CPU.Build.0 = Debug|Any CPU
		{C61EDD7C-9A45-4CB9-BA0F-FC3591F23F66}.Release|Any CPU.ActiveCfg = Release|Any CPU
		{C61EDD7C-9A45-4CB9-BA0F-FC3591F23F66}.Release|Any CPU.Build.0 = Release|Any CPU
		{65E50066-C436-43F0-98D1-B80F24C0CB73}.Debug|Any CPU.ActiveCfg = Debug|Any CPU
		{65E50066-C436-43F0-98D1-B80F24C0CB73}.Debug|Any CPU.Build.0 = Debug|Any CPU
		{65E50066-C436-43F0-98D1-B80F24C0CB73}.Release|Any CPU.ActiveCfg = Release|Any CPU
		{65E50066-C436-43F0-98D1-B80F24C0CB73}.Release|Any CPU.Build.0 = Release|Any CPU
		{6E86BF6C-54A7-4C02-84F0-5E5C1CCD1FAE}.Debug|Any CPU.ActiveCfg = Debug|Any CPU
		{6E86BF6C-54A7-4C02-84F0-5E5C1CCD1FAE}.Debug|Any CPU.Build.0 = Debug|Any CPU
		{6E86BF6C-54A7-4C02-84F0-5E5C1CCD1FAE}.Release|Any CPU.ActiveCfg = Release|Any CPU
		{6E86BF6C-54A7-4C02-84F0-5E5C1CCD1FAE}.Release|Any CPU.Build.0 = Release|Any CPU
	EndGlobalSection
	GlobalSection(SolutionProperties) = preSolution
		HideSolutionNode = FALSE
	EndGlobalSection
	GlobalSection(NestedProjects) = preSolution
		{C61EDD7C-9A45-4CB9-BA0F-FC3591F23F66} = {B6D362B4-A378-4848-ABB8-55D57FDE5F21}
		{65E50066-C436-43F0-98D1-B80F24C0CB73} = {B6D362B4-A378-4848-ABB8-55D57FDE5F21}
		{6E86BF6C-54A7-4C02-84F0-5E5C1CCD1FAE} = {B6D362B4-A378-4848-ABB8-55D57FDE5F21}
	EndGlobalSection
EndGlobal
